// !$*UTF8*$!
{
	archiveVersion = 1;
	classes = {
	};
	objectVersion = 46;
	objects = {

/* Begin PBXFileReference section */
		C6284E9116FDC26A00541F15 /* qweqwe.h */ = {isa = PBXFileReference; lastKnownFileType = sourcecode.c.h; path = qweqwe.h; sourceTree = "<group>"; };
		C6284E9216FDC26A00541F15 /* qweqwe.m */ = {isa = PBXFileReference; lastKnownFileType = sourcecode.c.objc; path = qweqwe.m; sourceTree = "<group>"; };
/* End PBXFileReference section */

/* Begin PBXGroup section */
		C6284E8916FDC20D00541F15 = {
			isa = PBXGroup;
			children = (
				C6284E9016FDC25600541F15 /* TPKS */,
			);
			sourceTree = "<group>";
		};
		C6284E9016FDC25600541F15 /* TPKS */ = {
			isa = PBXGroup;
			children = (
				C6284E9116FDC26A00541F15 /* qweqwe.h */,
				C6284E9216FDC26A00541F15 /* qweqwe.m */,
			);
			name = TPKS;
			sourceTree = "<group>";
		};
/* End PBXGroup section */

/* Begin PBXProject section */
		C6284E8A16FDC20D00541F15 /* Project object */ = {
			isa = PBXProject;
			attributes = {
				LastUpgradeCheck = 0460;
			};
			buildConfigurationList = C6284E8D16FDC20D00541F15 /* Build configuration list for PBXProject "tpks" */;
			compatibilityVersion = "Xcode 3.2";
			developmentRegion = English;
			hasScannedForEncodings = 0;
			knownRegions = (
				en,
			);
			mainGroup = C6284E8916FDC20D00541F15;
			projectDirPath = "";
			projectRoot = "";
			targets = (
			);
		};
/* End PBXProject section */

/* Begin XCBuildConfiguration section */
		C6284E8E16FDC20D00541F15 /* Debug */ = {
			isa = XCBuildConfiguration;
			buildSettings = {
			};
			name = Debug;
		};
		C6284E8F16FDC20D00541F15 /* Release */ = {
			isa = XCBuildConfiguration;
			buildSettings = {
			};
			name = Release;
		};
/* End XCBuildConfiguration section */

/* Begin XCConfigurationList section */
		C6284E8D16FDC20D00541F15 /* Build configuration list for PBXProject "tpks" */ = {
			isa = XCConfigurationList;
			buildConfigurations = (
				C6284E8E16FDC20D00541F15 /* Debug */,
				C6284E8F16FDC20D00541F15 /* Release */,
			);
			defaultConfigurationIsVisible = 0;
			defaultConfigurationName = Release;
		};
/* End XCConfigurationList section */
	};
	rootObject = C6284E8A16FDC20D00541F15 /* Project object */;
}
