// !$*UTF8*$!
{
	archiveVersion = 1;
	classes = {
	};
	objectVersion = 46;
	objects = {

/* Begin PBXFileReference section */
		C6B02FED16FE2F9E00B52E97 /* qweqwe.h */ = {isa = PBXFileReference; lastKnownFileType = sourcecode.c.h; path = qweqwe.h; sourceTree = "<group>"; };
		C6B02FEE16FE2F9E00B52E97 /* qweqwe.m */ = {isa = PBXFileReference; lastKnownFileType = sourcecode.c.objc; path = qweqwe.m; sourceTree = "<group>"; };
/* End PBXFileReference section */

/* Begin PBXGroup section */
		C6B02FE516FE2F5B00B52E97 = {
			isa = PBXGroup;
			children = (
				C6B02FEC16FE2F7600B52E97 /* triz */,
			);
			sourceTree = "<group>";
		};
		C6B02FEC16FE2F7600B52E97 /* triz */ = {
			isa = PBXGroup;
			children = (
				C6B02FED16FE2F9E00B52E97 /* qweqwe.h */,
				C6B02FEE16FE2F9E00B52E97 /* qweqwe.m */,
			);
			name = triz;
			sourceTree = "<group>";
		};
/* End PBXGroup section */

/* Begin PBXProject section */
		C6B02FE616FE2F5C00B52E97 /* Project object */ = {
			isa = PBXProject;
			attributes = {
				LastUpgradeCheck = 0460;
			};
			buildConfigurationList = C6B02FE916FE2F5C00B52E97 /* Build configuration list for PBXProject "triz" */;
			compatibilityVersion = "Xcode 3.2";
			developmentRegion = English;
			hasScannedForEncodings = 0;
			knownRegions = (
				en,
			);
			mainGroup = C6B02FE516FE2F5B00B52E97;
			projectDirPath = "";
			projectRoot = "";
			targets = (
			);
		};
/* End PBXProject section */

/* Begin XCBuildConfiguration section */
		C6B02FEA16FE2F5C00B52E97 /* Debug */ = {
			isa = XCBuildConfiguration;
			buildSettings = {
			};
			name = Debug;
		};
		C6B02FEB16FE2F5C00B52E97 /* Release */ = {
			isa = XCBuildConfiguration;
			buildSettings = {
			};
			name = Release;
		};
/* End XCBuildConfiguration section */

/* Begin XCConfigurationList section */
		C6B02FE916FE2F5C00B52E97 /* Build configuration list for PBXProject "triz" */ = {
			isa = XCConfigurationList;
			buildConfigurations = (
				C6B02FEA16FE2F5C00B52E97 /* Debug */,
				C6B02FEB16FE2F5C00B52E97 /* Release */,
			);
			defaultConfigurationIsVisible = 0;
			defaultConfigurationName = Release;
		};
/* End XCConfigurationList section */
	};
	rootObject = C6B02FE616FE2F5C00B52E97 /* Project object */;
}
